
Microsoft Visual Studio Solution File, Format Version 12.00
# Visual Studio Version 16
VisualStudioVersion = 16.0.31729.503
MinimumVisualStudioVersion = 10.0.40219.1
Project("{9A19103F-16F7-4668-BE54-9A1E7A4F7556}") = "Smokeball.WPF", "src\UI\Smokeball.WPF\Smokeball.WPF.csproj", "{BF5B4DE1-480E-4F67-B398-9253C9025567}"
EndProject
Project("{9A19103F-16F7-4668-BE54-9A1E7A4F7556}") = "Smokeball.Tests", "tests\Smokeball.Tests\Smokeball.Tests.csproj", "{481667D0-5DD1-4BA3-980D-4043FD174B6F}"
EndProject
Project("{2150E333-8FDC-42A3-9474-1A3956D46DE8}") = "src", "src", "{67BC668A-0C15-42D2-A062-50D95396EAF9}"
EndProject
Project("{2150E333-8FDC-42A3-9474-1A3956D46DE8}") = "tests", "tests", "{D0564FB8-4B98-4828-AC1C-63580B6D6629}"
EndProject
Project("{9A19103F-16F7-4668-BE54-9A1E7A4F7556}") = "Smokeball.Application", "src\Core\Smokeball.Application\Smokeball.Application.csproj", "{5D813DA0-197C-4E23-B8E0-A7D5C0B90761}"
EndProject
Project("{9A19103F-16F7-4668-BE54-9A1E7A4F7556}") = "Smokeball.Core", "src\Building-Blocks\Smokeball.Core\Smokeball.Core.csproj", "{E5C317F5-AB03-41A3-8386-46B61D7D1AF5}"
EndProject
Project("{9A19103F-16F7-4668-BE54-9A1E7A4F7556}") = "Smokeball.Infra", "src\Core\Smokeball.Infra\Smokeball.Infra.csproj", "{8147D945-F81A-493E-8A2D-EC2A20E0C92D}"
EndProject
Project("{2150E333-8FDC-42A3-9474-1A3956D46DE8}") = "UI", "UI", "{85F367CC-286A-48DC-8BD7-62EF4163B2E5}"
EndProject
Project("{2150E333-8FDC-42A3-9474-1A3956D46DE8}") = "Core", "Core", "{D6057C7A-6CFD-4BB2-BA32-F0A03666CAB6}"
EndProject
Project("{2150E333-8FDC-42A3-9474-1A3956D46DE8}") = "Building-Blocks", "Building-Blocks", "{B46F4CB5-3F81-48BC-B397-8B8D8E67C3E8}"
EndProject
Global
	GlobalSection(SolutionConfigurationPlatforms) = preSolution
		Debug|Any CPU = Debug|Any CPU
		Release|Any CPU = Release|Any CPU
	EndGlobalSection
	GlobalSection(ProjectConfigurationPlatforms) = postSolution
		{BF5B4DE1-480E-4F67-B398-9253C9025567}.Debug|Any CPU.ActiveCfg = Debug|Any CPU
		{BF5B4DE1-480E-4F67-B398-9253C9025567}.Debug|Any CPU.Build.0 = Debug|Any CPU
		{BF5B4DE1-480E-4F67-B398-9253C9025567}.Release|Any CPU.ActiveCfg = Release|Any CPU
		{BF5B4DE1-480E-4F67-B398-9253C9025567}.Release|Any CPU.Build.0 = Release|Any CPU
		{481667D0-5DD1-4BA3-980D-4043FD174B6F}.Debug|Any CPU.ActiveCfg = Debug|Any CPU
		{481667D0-5DD1-4BA3-980D-4043FD174B6F}.Debug|Any CPU.Build.0 = Debug|Any CPU
		{481667D0-5DD1-4BA3-980D-4043FD174B6F}.Release|Any CPU.ActiveCfg = Release|Any CPU
		{481667D0-5DD1-4BA3-980D-4043FD174B6F}.Release|Any CPU.Build.0 = Release|Any CPU
		{5D813DA0-197C-4E23-B8E0-A7D5C0B90761}.Debug|Any CPU.ActiveCfg = Debug|Any CPU
		{5D813DA0-197C-4E23-B8E0-A7D5C0B90761}.Debug|Any CPU.Build.0 = Debug|Any CPU
		{5D813DA0-197C-4E23-B8E0-A7D5C0B90761}.Release|Any CPU.ActiveCfg = Release|Any CPU
		{5D813DA0-197C-4E23-B8E0-A7D5C0B90761}.Release|Any CPU.Build.0 = Release|Any CPU
		{E5C317F5-AB03-41A3-8386-46B61D7D1AF5}.Debug|Any CPU.ActiveCfg = Debug|Any CPU
		{E5C317F5-AB03-41A3-8386-46B61D7D1AF5}.Debug|Any CPU.Build.0 = Debug|Any CPU
		{E5C317F5-AB03-41A3-8386-46B61D7D1AF5}.Release|Any CPU.ActiveCfg = Release|Any CPU
		{E5C317F5-AB03-41A3-8386-46B61D7D1AF5}.Release|Any CPU.Build.0 = Release|Any CPU
		{8147D945-F81A-493E-8A2D-EC2A20E0C92D}.Debug|Any CPU.ActiveCfg = Debug|Any CPU
		{8147D945-F81A-493E-8A2D-EC2A20E0C92D}.Debug|Any CPU.Build.0 = Debug|Any CPU
		{8147D945-F81A-493E-8A2D-EC2A20E0C92D}.Release|Any CPU.ActiveCfg = Release|Any CPU
		{8147D945-F81A-493E-8A2D-EC2A20E0C92D}.Release|Any CPU.Build.0 = Release|Any CPU
	EndGlobalSection
	GlobalSection(SolutionProperties) = preSolution
		HideSolutionNode = FALSE
	EndGlobalSection
	GlobalSection(NestedProjects) = preSolution
		{BF5B4DE1-480E-4F67-B398-9253C9025567} = {85F367CC-286A-48DC-8BD7-62EF4163B2E5}
		{481667D0-5DD1-4BA3-980D-4043FD174B6F} = {D0564FB8-4B98-4828-AC1C-63580B6D6629}
		{5D813DA0-197C-4E23-B8E0-A7D5C0B90761} = {D6057C7A-6CFD-4BB2-BA32-F0A03666CAB6}
		{E5C317F5-AB03-41A3-8386-46B61D7D1AF5} = {B46F4CB5-3F81-48BC-B397-8B8D8E67C3E8}
		{8147D945-F81A-493E-8A2D-EC2A20E0C92D} = {D6057C7A-6CFD-4BB2-BA32-F0A03666CAB6}
		{85F367CC-286A-48DC-8BD7-62EF4163B2E5} = {67BC668A-0C15-42D2-A062-50D95396EAF9}
		{D6057C7A-6CFD-4BB2-BA32-F0A03666CAB6} = {67BC668A-0C15-42D2-A062-50D95396EAF9}
		{B46F4CB5-3F81-48BC-B397-8B8D8E67C3E8} = {67BC668A-0C15-42D2-A062-50D95396EAF9}
	EndGlobalSection
	GlobalSection(ExtensibilityGlobals) = postSolution
		SolutionGuid = {6110CDBC-5537-4D89-8EA0-7B3EEA09ED6D}
	EndGlobalSection
EndGlobal
